{
  "lockfile_version": "1",
  "packages": {
    "dotnet-sdk_8@latest": {
      "last_modified": "2024-07-14T11:03:58Z",
      "resolved": "github:NixOS/nixpkgs/aa247c0c90ecf4ae7a032c54fdc21b91ca274062#dotnet-sdk_8",
      "source": "devbox-search",
      "version": "8.0.303",
      "systems": {
        "aarch64-darwin": {
          "outputs": [
            {
              "name": "out",
              "path": "/nix/store/3pw6kwfrwm5c6j52mqk28hw7qg51m5rf-dotnet-sdk-8.0.303",
              "default": true
            }
          ],
          "store_path": "/nix/store/3pw6kwfrwm5c6j52mqk28hw7qg51m5rf-dotnet-sdk-8.0.303"
        },
        "aarch64-linux": {
          "outputs": [
            {
              "name": "out",
              "path": "/nix/store/jkncigyxffmbbg5s9ifg9irhldjhs245-dotnet-sdk-8.0.303",
              "default": true
            }
          ],
          "store_path": "/nix/store/jkncigyxffmbbg5s9ifg9irhldjhs245-dotnet-sdk-8.0.303"
        },
        "x86_64-darwin": {
          "outputs": [
            {
              "name": "out",
              "path": "/nix/store/54hzlkvdsj086q8661ipq6h1xf6jkvm5-dotnet-sdk-8.0.303",
              "default": true
            }
          ],
          "store_path": "/nix/store/54hzlkvdsj086q8661ipq6h1xf6jkvm5-dotnet-sdk-8.0.303"
        },
        "x86_64-linux": {
          "outputs": [
            {
              "name": "out",
              "path": "/nix/store/m9dbas0s0a0lfgha03hb85cnb3r82bf2-dotnet-sdk-8.0.303",
              "default": true
            }
          ],
          "store_path": "/nix/store/m9dbas0s0a0lfgha03hb85cnb3r82bf2-dotnet-sdk-8.0.303"
        }
      }
    },
    "omnisharp-roslyn@latest": {
      "last_modified": "2024-06-06T04:00:50Z",
      "resolved": "github:NixOS/nixpkgs/818dbe2f96df233d2041739d6079bb616d3e5597#omnisharp-roslyn",
      "source": "devbox-search",
      "version": "1.39.11",
      "systems": {
        "aarch64-darwin": {
          "outputs": [
            {
              "name": "out",
              "path": "/nix/store/aylbr0ras9pc0h6r76zn3pw0l7q02n8r-omnisharp-roslyn-1.39.11",
              "default": true
            }
          ],
          "store_path": "/nix/store/aylbr0ras9pc0h6r76zn3pw0l7q02n8r-omnisharp-roslyn-1.39.11"
        },
        "aarch64-linux": {
          "outputs": [
            {
              "name": "out",
              "path": "/nix/store/2fx87dvwn49j2s8n5c1g385ppikz53yj-omnisharp-roslyn-1.39.11",
              "default": true
            }
          ],
          "store_path": "/nix/store/2fx87dvwn49j2s8n5c1g385ppikz53yj-omnisharp-roslyn-1.39.11"
        },
        "x86_64-darwin": {
          "outputs": [
            {
              "name": "out",
              "path": "/nix/store/ihg4zc2sd46sznb8p2kavlvjq2yjdg10-omnisharp-roslyn-1.39.11",
              "default": true
            }
          ],
          "store_path": "/nix/store/ihg4zc2sd46sznb8p2kavlvjq2yjdg10-omnisharp-roslyn-1.39.11"
        },
        "x86_64-linux": {
          "outputs": [
            {
              "name": "out",
              "path": "/nix/store/m8p4m8pd6pw5kdbjngzk2dnizkqs4c20-omnisharp-roslyn-1.39.11",
              "default": true
            }
          ],
          "store_path": "/nix/store/m8p4m8pd6pw5kdbjngzk2dnizkqs4c20-omnisharp-roslyn-1.39.11"
        }
      }
    },
    "otel-cli@latest": {
      "last_modified": "2024-07-20T09:11:00Z",
      "resolved": "github:NixOS/nixpkgs/6e14bbce7bea6c4efd7adfa88a40dac750d80100#otel-cli",
      "source": "devbox-search",
      "version": "0.4.5",
      "systems": {
        "aarch64-darwin": {
          "outputs": [
            {
              "name": "out",
              "path": "/nix/store/6llk81cry9614f14933vh0rycxxp3hg3-otel-cli-0.4.5",
              "default": true
            }
          ],
          "store_path": "/nix/store/6llk81cry9614f14933vh0rycxxp3hg3-otel-cli-0.4.5"
        },
        "aarch64-linux": {
          "outputs": [
            {
              "name": "out",
              "path": "/nix/store/pjxavh03m7gnd9msqcpnw60l3byp9gnp-otel-cli-0.4.5",
              "default": true
            }
          ],
          "store_path": "/nix/store/pjxavh03m7gnd9msqcpnw60l3byp9gnp-otel-cli-0.4.5"
        },
        "x86_64-darwin": {
          "outputs": [
            {
              "name": "out",
              "path": "/nix/store/6hg93k198aif32i0nfjxm1vy5lcr1jjj-otel-cli-0.4.5",
              "default": true
            }
          ],
          "store_path": "/nix/store/6hg93k198aif32i0nfjxm1vy5lcr1jjj-otel-cli-0.4.5"
        },
        "x86_64-linux": {
          "outputs": [
            {
              "name": "out",
              "path": "/nix/store/rrnbil01p2vqn5399l7j2pz68pavk39y-otel-cli-0.4.5",
              "default": true
            }
          ],
          "store_path": "/nix/store/rrnbil01p2vqn5399l7j2pz68pavk39y-otel-cli-0.4.5"
        }
      }
    }
  }
}
