
Microsoft Visual Studio Solution File, Format Version 12.00
# Visual Studio Version 17
VisualStudioVersion = 17.0.31903.59
MinimumVisualStudioVersion = 10.0.40219.1
Project("{FAE04EC0-301F-11D3-BF4B-00C04F79EFBC}") = "common", "src\common\common.csproj", "{53789BCC-CC8F-4EBF-BFA2-6C3D176D938F}"
EndProject
Project("{FAE04EC0-301F-11D3-BF4B-00C04F79EFBC}") = "UI", "src\modules\UI\UI.csproj", "{1E860FAB-8907-4329-9067-C786F764AF61}"
EndProject
Project("{FAE04EC0-301F-11D3-BF4B-00C04F79EFBC}") = "Users", "src\modules\Users\Users.csproj", "{0E8BF9C1-9D5C-497B-AD77-E8D28A38013C}"
EndProject
Global
	GlobalSection(SolutionConfigurationPlatforms) = preSolution
		Debug|Any CPU = Debug|Any CPU
		Release|Any CPU = Release|Any CPU
	EndGlobalSection
	GlobalSection(SolutionProperties) = preSolution
		HideSolutionNode = FALSE
	EndGlobalSection
	GlobalSection(ProjectConfigurationPlatforms) = postSolution
		{53789BCC-CC8F-4EBF-BFA2-6C3D176D938F}.Debug|Any CPU.ActiveCfg = Debug|Any CPU
		{53789BCC-CC8F-4EBF-BFA2-6C3D176D938F}.Debug|Any CPU.Build.0 = Debug|Any CPU
		{53789BCC-CC8F-4EBF-BFA2-6C3D176D938F}.Release|Any CPU.ActiveCfg = Release|Any CPU
		{53789BCC-CC8F-4EBF-BFA2-6C3D176D938F}.Release|Any CPU.Build.0 = Release|Any CPU
		{1E860FAB-8907-4329-9067-C786F764AF61}.Debug|Any CPU.ActiveCfg = Debug|Any CPU
		{1E860FAB-8907-4329-9067-C786F764AF61}.Debug|Any CPU.Build.0 = Debug|Any CPU
		{1E860FAB-8907-4329-9067-C786F764AF61}.Release|Any CPU.ActiveCfg = Release|Any CPU
		{1E860FAB-8907-4329-9067-C786F764AF61}.Release|Any CPU.Build.0 = Release|Any CPU
		{27F5A594-3F26-4F40-9209-908A9B92DC3B}.Debug|Any CPU.ActiveCfg = Debug|Any CPU
		{27F5A594-3F26-4F40-9209-908A9B92DC3B}.Debug|Any CPU.Build.0 = Debug|Any CPU
		{27F5A594-3F26-4F40-9209-908A9B92DC3B}.Release|Any CPU.ActiveCfg = Release|Any CPU
		{27F5A594-3F26-4F40-9209-908A9B92DC3B}.Release|Any CPU.Build.0 = Release|Any CPU
		{45104806-1F80-4BCE-A21A-447D6D645C39}.Debug|Any CPU.ActiveCfg = Debug|Any CPU
		{45104806-1F80-4BCE-A21A-447D6D645C39}.Debug|Any CPU.Build.0 = Debug|Any CPU
		{45104806-1F80-4BCE-A21A-447D6D645C39}.Release|Any CPU.ActiveCfg = Release|Any CPU
		{45104806-1F80-4BCE-A21A-447D6D645C39}.Release|Any CPU.Build.0 = Release|Any CPU
		{0F2712EF-E31C-4699-AAFB-80D40346ED82}.Debug|Any CPU.ActiveCfg = Debug|Any CPU
		{0F2712EF-E31C-4699-AAFB-80D40346ED82}.Debug|Any CPU.Build.0 = Debug|Any CPU
		{0F2712EF-E31C-4699-AAFB-80D40346ED82}.Release|Any CPU.ActiveCfg = Release|Any CPU
		{0F2712EF-E31C-4699-AAFB-80D40346ED82}.Release|Any CPU.Build.0 = Release|Any CPU
		{4208FE01-0BDC-4A8B-86E2-9E218BA59135}.Debug|Any CPU.ActiveCfg = Debug|Any CPU
		{4208FE01-0BDC-4A8B-86E2-9E218BA59135}.Debug|Any CPU.Build.0 = Debug|Any CPU
		{4208FE01-0BDC-4A8B-86E2-9E218BA59135}.Release|Any CPU.ActiveCfg = Release|Any CPU
		{4208FE01-0BDC-4A8B-86E2-9E218BA59135}.Release|Any CPU.Build.0 = Release|Any CPU
		{61D264B3-52B7-4F4E-9B58-D54A6AD8D5DB}.Debug|Any CPU.ActiveCfg = Debug|Any CPU
		{61D264B3-52B7-4F4E-9B58-D54A6AD8D5DB}.Debug|Any CPU.Build.0 = Debug|Any CPU
		{61D264B3-52B7-4F4E-9B58-D54A6AD8D5DB}.Release|Any CPU.ActiveCfg = Release|Any CPU
		{61D264B3-52B7-4F4E-9B58-D54A6AD8D5DB}.Release|Any CPU.Build.0 = Release|Any CPU
		{F15E52AC-9EF5-4706-83C6-D429773B68AF}.Debug|Any CPU.ActiveCfg = Debug|Any CPU
		{F15E52AC-9EF5-4706-83C6-D429773B68AF}.Debug|Any CPU.Build.0 = Debug|Any CPU
		{F15E52AC-9EF5-4706-83C6-D429773B68AF}.Release|Any CPU.ActiveCfg = Release|Any CPU
		{F15E52AC-9EF5-4706-83C6-D429773B68AF}.Release|Any CPU.Build.0 = Release|Any CPU
		{46606497-283E-4D78-AFF5-6BEE0CE46FE0}.Debug|Any CPU.ActiveCfg = Debug|Any CPU
		{46606497-283E-4D78-AFF5-6BEE0CE46FE0}.Debug|Any CPU.Build.0 = Debug|Any CPU
		{46606497-283E-4D78-AFF5-6BEE0CE46FE0}.Release|Any CPU.ActiveCfg = Release|Any CPU
		{46606497-283E-4D78-AFF5-6BEE0CE46FE0}.Release|Any CPU.Build.0 = Release|Any CPU
		{0E8BF9C1-9D5C-497B-AD77-E8D28A38013C}.Debug|Any CPU.ActiveCfg = Debug|Any CPU
		{0E8BF9C1-9D5C-497B-AD77-E8D28A38013C}.Debug|Any CPU.Build.0 = Debug|Any CPU
		{0E8BF9C1-9D5C-497B-AD77-E8D28A38013C}.Release|Any CPU.ActiveCfg = Release|Any CPU
		{0E8BF9C1-9D5C-497B-AD77-E8D28A38013C}.Release|Any CPU.Build.0 = Release|Any CPU
	EndGlobalSection
EndGlobal
