
Microsoft Visual Studio Solution File, Format Version 12.00
# Visual Studio Version 17
VisualStudioVersion = 17.0.31903.59
MinimumVisualStudioVersion = 10.0.40219.1
Project("{FAE04EC0-301F-11D3-BF4B-00C04F79EFBC}") = "common", "src\common\common.csproj", "{53789BCC-CC8F-4EBF-BFA2-6C3D176D938F}"
EndProject
Project("{FAE04EC0-301F-11D3-BF4B-00C04F79EFBC}") = "Users", "src\modules\Users\Users.csproj", "{0E8BF9C1-9D5C-497B-AD77-E8D28A38013C}"
EndProject
Project("{FAE04EC0-301F-11D3-BF4B-00C04F79EFBC}") = "Frontend", "src\modules\Frontend\Frontend.csproj", "{C7BBE5CC-7593-40AA-86EF-CE17846968F3}"
EndProject
Project("{FAE04EC0-301F-11D3-BF4B-00C04F79EFBC}") = "EventServer.Tests", "src\modules\EventServer.Tests\EventServer.Tests.csproj", "{2243D43A-EBD0-4432-ADEB-9597B02DA743}"
EndProject
Project("{FAE04EC0-301F-11D3-BF4B-00C04F79EFBC}") = "EventServer.UI", "src\modules\EventServer.UI\EventServer.UI.csproj", "{68B33DDE-2317-44FA-B7C2-285E4573413D}"
EndProject
Project("{FAE04EC0-301F-11D3-BF4B-00C04F79EFBC}") = "EventServer", "src\EventServer\EventServer\EventServer.csproj", "{7266595E-968A-4A8F-85D2-D621796ECD68}"
EndProject
Project("{FAE04EC0-301F-11D3-BF4B-00C04F79EFBC}") = "EventServer.Client", "src\EventServer\EventServer.Client\EventServer.Client.csproj", "{C394E7F8-83EB-4C7C-830C-F9F8F3AF8925}"
EndProject
Global
	GlobalSection(SolutionConfigurationPlatforms) = preSolution
		Debug|Any CPU = Debug|Any CPU
		Release|Any CPU = Release|Any CPU
	EndGlobalSection
	GlobalSection(SolutionProperties) = preSolution
		HideSolutionNode = FALSE
	EndGlobalSection
	GlobalSection(ProjectConfigurationPlatforms) = postSolution
		{53789BCC-CC8F-4EBF-BFA2-6C3D176D938F}.Debug|Any CPU.ActiveCfg = Debug|Any CPU
		{53789BCC-CC8F-4EBF-BFA2-6C3D176D938F}.Debug|Any CPU.Build.0 = Debug|Any CPU
		{53789BCC-CC8F-4EBF-BFA2-6C3D176D938F}.Release|Any CPU.ActiveCfg = Release|Any CPU
		{53789BCC-CC8F-4EBF-BFA2-6C3D176D938F}.Release|Any CPU.Build.0 = Release|Any CPU
		{27F5A594-3F26-4F40-9209-908A9B92DC3B}.Debug|Any CPU.ActiveCfg = Debug|Any CPU
		{27F5A594-3F26-4F40-9209-908A9B92DC3B}.Debug|Any CPU.Build.0 = Debug|Any CPU
		{27F5A594-3F26-4F40-9209-908A9B92DC3B}.Release|Any CPU.ActiveCfg = Release|Any CPU
		{27F5A594-3F26-4F40-9209-908A9B92DC3B}.Release|Any CPU.Build.0 = Release|Any CPU
		{45104806-1F80-4BCE-A21A-447D6D645C39}.Debug|Any CPU.ActiveCfg = Debug|Any CPU
		{45104806-1F80-4BCE-A21A-447D6D645C39}.Debug|Any CPU.Build.0 = Debug|Any CPU
		{45104806-1F80-4BCE-A21A-447D6D645C39}.Release|Any CPU.ActiveCfg = Release|Any CPU
		{45104806-1F80-4BCE-A21A-447D6D645C39}.Release|Any CPU.Build.0 = Release|Any CPU
		{0F2712EF-E31C-4699-AAFB-80D40346ED82}.Debug|Any CPU.ActiveCfg = Debug|Any CPU
		{0F2712EF-E31C-4699-AAFB-80D40346ED82}.Debug|Any CPU.Build.0 = Debug|Any CPU
		{0F2712EF-E31C-4699-AAFB-80D40346ED82}.Release|Any CPU.ActiveCfg = Release|Any CPU
		{0F2712EF-E31C-4699-AAFB-80D40346ED82}.Release|Any CPU.Build.0 = Release|Any CPU
		{4208FE01-0BDC-4A8B-86E2-9E218BA59135}.Debug|Any CPU.ActiveCfg = Debug|Any CPU
		{4208FE01-0BDC-4A8B-86E2-9E218BA59135}.Debug|Any CPU.Build.0 = Debug|Any CPU
		{4208FE01-0BDC-4A8B-86E2-9E218BA59135}.Release|Any CPU.ActiveCfg = Release|Any CPU
		{4208FE01-0BDC-4A8B-86E2-9E218BA59135}.Release|Any CPU.Build.0 = Release|Any CPU
		{61D264B3-52B7-4F4E-9B58-D54A6AD8D5DB}.Debug|Any CPU.ActiveCfg = Debug|Any CPU
		{61D264B3-52B7-4F4E-9B58-D54A6AD8D5DB}.Debug|Any CPU.Build.0 = Debug|Any CPU
		{61D264B3-52B7-4F4E-9B58-D54A6AD8D5DB}.Release|Any CPU.ActiveCfg = Release|Any CPU
		{61D264B3-52B7-4F4E-9B58-D54A6AD8D5DB}.Release|Any CPU.Build.0 = Release|Any CPU
		{F15E52AC-9EF5-4706-83C6-D429773B68AF}.Debug|Any CPU.ActiveCfg = Debug|Any CPU
		{F15E52AC-9EF5-4706-83C6-D429773B68AF}.Debug|Any CPU.Build.0 = Debug|Any CPU
		{F15E52AC-9EF5-4706-83C6-D429773B68AF}.Release|Any CPU.ActiveCfg = Release|Any CPU
		{F15E52AC-9EF5-4706-83C6-D429773B68AF}.Release|Any CPU.Build.0 = Release|Any CPU
		{46606497-283E-4D78-AFF5-6BEE0CE46FE0}.Debug|Any CPU.ActiveCfg = Debug|Any CPU
		{46606497-283E-4D78-AFF5-6BEE0CE46FE0}.Debug|Any CPU.Build.0 = Debug|Any CPU
		{46606497-283E-4D78-AFF5-6BEE0CE46FE0}.Release|Any CPU.ActiveCfg = Release|Any CPU
		{46606497-283E-4D78-AFF5-6BEE0CE46FE0}.Release|Any CPU.Build.0 = Release|Any CPU
		{0E8BF9C1-9D5C-497B-AD77-E8D28A38013C}.Debug|Any CPU.ActiveCfg = Debug|Any CPU
		{0E8BF9C1-9D5C-497B-AD77-E8D28A38013C}.Debug|Any CPU.Build.0 = Debug|Any CPU
		{0E8BF9C1-9D5C-497B-AD77-E8D28A38013C}.Release|Any CPU.ActiveCfg = Release|Any CPU
		{0E8BF9C1-9D5C-497B-AD77-E8D28A38013C}.Release|Any CPU.Build.0 = Release|Any CPU
		{C7BBE5CC-7593-40AA-86EF-CE17846968F3}.Debug|Any CPU.ActiveCfg = Debug|Any CPU
		{C7BBE5CC-7593-40AA-86EF-CE17846968F3}.Debug|Any CPU.Build.0 = Debug|Any CPU
		{C7BBE5CC-7593-40AA-86EF-CE17846968F3}.Release|Any CPU.ActiveCfg = Release|Any CPU
		{C7BBE5CC-7593-40AA-86EF-CE17846968F3}.Release|Any CPU.Build.0 = Release|Any CPU
		{2243D43A-EBD0-4432-ADEB-9597B02DA743}.Debug|Any CPU.ActiveCfg = Debug|Any CPU
		{2243D43A-EBD0-4432-ADEB-9597B02DA743}.Debug|Any CPU.Build.0 = Debug|Any CPU
		{2243D43A-EBD0-4432-ADEB-9597B02DA743}.Release|Any CPU.ActiveCfg = Release|Any CPU
		{2243D43A-EBD0-4432-ADEB-9597B02DA743}.Release|Any CPU.Build.0 = Release|Any CPU
		{68B33DDE-2317-44FA-B7C2-285E4573413D}.Debug|Any CPU.ActiveCfg = Debug|Any CPU
		{68B33DDE-2317-44FA-B7C2-285E4573413D}.Debug|Any CPU.Build.0 = Debug|Any CPU
		{68B33DDE-2317-44FA-B7C2-285E4573413D}.Release|Any CPU.ActiveCfg = Release|Any CPU
		{68B33DDE-2317-44FA-B7C2-285E4573413D}.Release|Any CPU.Build.0 = Release|Any CPU
		{7266595E-968A-4A8F-85D2-D621796ECD68}.Debug|Any CPU.ActiveCfg = Debug|Any CPU
		{7266595E-968A-4A8F-85D2-D621796ECD68}.Debug|Any CPU.Build.0 = Debug|Any CPU
		{7266595E-968A-4A8F-85D2-D621796ECD68}.Release|Any CPU.ActiveCfg = Release|Any CPU
		{7266595E-968A-4A8F-85D2-D621796ECD68}.Release|Any CPU.Build.0 = Release|Any CPU
		{C394E7F8-83EB-4C7C-830C-F9F8F3AF8925}.Debug|Any CPU.ActiveCfg = Debug|Any CPU
		{C394E7F8-83EB-4C7C-830C-F9F8F3AF8925}.Debug|Any CPU.Build.0 = Debug|Any CPU
		{C394E7F8-83EB-4C7C-830C-F9F8F3AF8925}.Release|Any CPU.ActiveCfg = Release|Any CPU
		{C394E7F8-83EB-4C7C-830C-F9F8F3AF8925}.Release|Any CPU.Build.0 = Release|Any CPU
	EndGlobalSection
EndGlobal
